
Microsoft Visual Studio Solution File, Format Version 11.00
# Visual Studio 2010
Project("{FAE04EC0-301F-11D3-BF4B-00C04F79EFBC}") = "MultiThreading", "MultiThreading\MultiThreading.csproj", "{ED8588F9-0424-44A7-AF60-4CFD8F12BA2D}"
EndProject
Project("{FAE04EC0-301F-11D3-BF4B-00C04F79EFBC}") = "MultiThreading2", "MultiThreading2\MultiThreading2.csproj", "{4CE0C58D-92C3-453E-94F8-4620FF0BD3FE}"
EndProject
Project("{FAE04EC0-301F-11D3-BF4B-00C04F79EFBC}") = "ParallelSearch", "ParallelSearch\ParallelSearch.csproj", "{BDBF39C1-7D3E-43DD-8F43-05F15217BAB7}"
EndProject
Global
	GlobalSection(SolutionConfigurationPlatforms) = preSolution
		Debug|x86 = Debug|x86
		Release|x86 = Release|x86
	EndGlobalSection
	GlobalSection(ProjectConfigurationPlatforms) = postSolution
		{ED8588F9-0424-44A7-AF60-4CFD8F12BA2D}.Debug|x86.ActiveCfg = Debug|x86
		{ED8588F9-0424-44A7-AF60-4CFD8F12BA2D}.Debug|x86.Build.0 = Debug|x86
		{ED8588F9-0424-44A7-AF60-4CFD8F12BA2D}.Release|x86.ActiveCfg = Release|x86
		{ED8588F9-0424-44A7-AF60-4CFD8F12BA2D}.Release|x86.Build.0 = Release|x86
		{4CE0C58D-92C3-453E-94F8-4620FF0BD3FE}.Debug|x86.ActiveCfg = Debug|x86
		{4CE0C58D-92C3-453E-94F8-4620FF0BD3FE}.Debug|x86.Build.0 = Debug|x86
		{4CE0C58D-92C3-453E-94F8-4620FF0BD3FE}.Release|x86.ActiveCfg = Release|x86
		{4CE0C58D-92C3-453E-94F8-4620FF0BD3FE}.Release|x86.Build.0 = Release|x86
		{BDBF39C1-7D3E-43DD-8F43-05F15217BAB7}.Debug|x86.ActiveCfg = Debug|x86
		{BDBF39C1-7D3E-43DD-8F43-05F15217BAB7}.Debug|x86.Build.0 = Debug|x86
		{BDBF39C1-7D3E-43DD-8F43-05F15217BAB7}.Release|x86.ActiveCfg = Release|x86
		{BDBF39C1-7D3E-43DD-8F43-05F15217BAB7}.Release|x86.Build.0 = Release|x86
	EndGlobalSection
	GlobalSection(SolutionProperties) = preSolution
		HideSolutionNode = FALSE
	EndGlobalSection
EndGlobal
